
Microsoft Visual Studio Solution File, Format Version 12.00
# Visual Studio Version 16
VisualStudioVersion = 16.0.31025.194
MinimumVisualStudioVersion = 10.0.40219.1
Project("{FAE04EC0-301F-11D3-BF4B-00C04F79EFBC}") = "Droniada", "DJIWSDKFPVDemo\Droniada.csproj", "{EC28223F-16E8-4BCE-8DBC-B04562514927}"
EndProject
Project("{2150E333-8FDC-42A3-9474-1A3956D46DE8}") = "Solution Items", "Solution Items", "{511D9B45-BFCB-4EB7-A4F0-AB73E3CC7E15}"
	ProjectSection(SolutionItems) = preProject
		DJIWSDKFPVDemo\libcrypto-1_1.dll = DJIWSDKFPVDemo\libcrypto-1_1.dll
		DJIWSDKFPVDemo\pthread_dll.dll = DJIWSDKFPVDemo\pthread_dll.dll
		DJIWSDKFPVDemo\swscale-3.dll = DJIWSDKFPVDemo\swscale-3.dll
	EndProjectSection
EndProject
Global
	GlobalSection(SolutionConfigurationPlatforms) = preSolution
		Debug|ARM = Debug|ARM
		Debug|x64 = Debug|x64
		Debug|x86 = Debug|x86
		Release|ARM = Release|ARM
		Release|x64 = Release|x64
		Release|x86 = Release|x86
	EndGlobalSection
	GlobalSection(ProjectConfigurationPlatforms) = postSolution
		{EC28223F-16E8-4BCE-8DBC-B04562514927}.Debug|ARM.ActiveCfg = Debug|ARM
		{EC28223F-16E8-4BCE-8DBC-B04562514927}.Debug|ARM.Build.0 = Debug|ARM
		{EC28223F-16E8-4BCE-8DBC-B04562514927}.Debug|ARM.Deploy.0 = Debug|ARM
		{EC28223F-16E8-4BCE-8DBC-B04562514927}.Debug|x64.ActiveCfg = Debug|x86
		{EC28223F-16E8-4BCE-8DBC-B04562514927}.Debug|x64.Build.0 = Debug|x86
		{EC28223F-16E8-4BCE-8DBC-B04562514927}.Debug|x64.Deploy.0 = Debug|x86
		{EC28223F-16E8-4BCE-8DBC-B04562514927}.Debug|x86.ActiveCfg = Debug|x86
		{EC28223F-16E8-4BCE-8DBC-B04562514927}.Debug|x86.Build.0 = Debug|x86
		{EC28223F-16E8-4BCE-8DBC-B04562514927}.Debug|x86.Deploy.0 = Debug|x86
		{EC28223F-16E8-4BCE-8DBC-B04562514927}.Release|ARM.ActiveCfg = Release|ARM
		{EC28223F-16E8-4BCE-8DBC-B04562514927}.Release|ARM.Build.0 = Release|ARM
		{EC28223F-16E8-4BCE-8DBC-B04562514927}.Release|ARM.Deploy.0 = Release|ARM
		{EC28223F-16E8-4BCE-8DBC-B04562514927}.Release|x64.ActiveCfg = Release|x64
		{EC28223F-16E8-4BCE-8DBC-B04562514927}.Release|x64.Build.0 = Release|x64
		{EC28223F-16E8-4BCE-8DBC-B04562514927}.Release|x64.Deploy.0 = Release|x64
		{EC28223F-16E8-4BCE-8DBC-B04562514927}.Release|x86.ActiveCfg = Release|x86
		{EC28223F-16E8-4BCE-8DBC-B04562514927}.Release|x86.Build.0 = Release|x86
		{EC28223F-16E8-4BCE-8DBC-B04562514927}.Release|x86.Deploy.0 = Release|x86
	EndGlobalSection
	GlobalSection(SolutionProperties) = preSolution
		HideSolutionNode = FALSE
	EndGlobalSection
	GlobalSection(ExtensibilityGlobals) = postSolution
		SolutionGuid = {41013251-5182-43E7-B128-4885687CF52F}
	EndGlobalSection
EndGlobal
